
Microsoft Visual Studio Solution File, Format Version 12.00
# Visual Studio Version 17
VisualStudioVersion = 17.0.31912.275
MinimumVisualStudioVersion = 10.0.40219.1
Project("{FAE04EC0-301F-11D3-BF4B-00C04F79EFBC}") = "ADS.Wizard", "ADS.Wizard\ADS.Wizard.csproj", "{0B6C0A0E-5E6B-4B29-8F6E-1F0BA7D68790}"
EndProject
Project("{FAE04EC0-301F-11D3-BF4B-00C04F79EFBC}") = "ADS.Workbench", "ADS.Workbench\ADS.Workbench.csproj", "{0D4B46E8-9B64-4E8E-92D1-1F9A6EC1C7A9}"
EndProject
Global
	GlobalSection(SolutionConfigurationPlatforms) = preSolution
		Debug|Any CPU = Debug|Any CPU
		Release|Any CPU = Release|Any CPU
	EndGlobalSection
	GlobalSection(ProjectConfigurationPlatforms) = postSolution
		{0B6C0A0E-5E6B-4B29-8F6E-1F0BA7D68790}.Debug|Any CPU.ActiveCfg = Debug|Any CPU
		{0B6C0A0E-5E6B-4B29-8F6E-1F0BA7D68790}.Debug|Any CPU.Build.0 = Debug|Any CPU
		{0B6C0A0E-5E6B-4B29-8F6E-1F0BA7D68790}.Release|Any CPU.ActiveCfg = Release|Any CPU
		{0B6C0A0E-5E6B-4B29-8F6E-1F0BA7D68790}.Release|Any CPU.Build.0 = Release|Any CPU
		{0D4B46E8-9B64-4E8E-92D1-1F9A6EC1C7A9}.Debug|Any CPU.ActiveCfg = Debug|Any CPU
		{0D4B46E8-9B64-4E8E-92D1-1F9A6EC1C7A9}.Debug|Any CPU.Build.0 = Debug|Any CPU
		{0D4B46E8-9B64-4E8E-92D1-1F9A6EC1C7A9}.Release|Any CPU.ActiveCfg = Release|Any CPU
		{0D4B46E8-9B64-4E8E-92D1-1F9A6EC1C7A9}.Release|Any CPU.Build.0 = Release|Any CPU
	EndGlobalSection
	GlobalSection(SolutionProperties) = preSolution
		HideSolutionNode = FALSE
	EndGlobalSection
	GlobalSection(ExtensibilityGlobals) = postSolution
		SolutionGuid = {10D5E0BD-9B04-4BAF-B9FD-4C52C9CEBEF1}
	EndGlobalSection
EndGlobal
